
Microsoft Visual Studio Solution File, Format Version 12.00
# Visual Studio Version 17
VisualStudioVersion = 17.2.32526.322
MinimumVisualStudioVersion = 10.0.40219.1
Project("{FAE04EC0-301F-11D3-BF4B-00C04F79EFBC}") = "Gymzilla", "Gymzilla\Gymzilla.csproj", "{E043C06D-9C06-4A8F-B601-D8ADB4345942}"
EndProject
Global
	GlobalSection(SolutionConfigurationPlatforms) = preSolution
		Debug|Any CPU = Debug|Any CPU
		Release|Any CPU = Release|Any CPU
	EndGlobalSection
	GlobalSection(ProjectConfigurationPlatforms) = postSolution
		{E043C06D-9C06-4A8F-B601-D8ADB4345942}.Debug|Any CPU.ActiveCfg = Debug|Any CPU
		{E043C06D-9C06-4A8F-B601-D8ADB4345942}.Debug|Any CPU.Build.0 = Debug|Any CPU
		{E043C06D-9C06-4A8F-B601-D8ADB4345942}.Release|Any CPU.ActiveCfg = Release|Any CPU
		{E043C06D-9C06-4A8F-B601-D8ADB4345942}.Release|Any CPU.Build.0 = Release|Any CPU
	EndGlobalSection
	GlobalSection(SolutionProperties) = preSolution
		HideSolutionNode = FALSE
	EndGlobalSection
	GlobalSection(ExtensibilityGlobals) = postSolution
		SolutionGuid = {C5331590-E29F-42EC-8FB6-7776967ABC0E}
	EndGlobalSection
EndGlobal
